
Microsoft Visual Studio Solution File, Format Version 12.00
# Visual Studio Version 17
VisualStudioVersion = 17.4.33213.308
MinimumVisualStudioVersion = 10.0.40219.1
Project("{FAE04EC0-301F-11D3-BF4B-00C04F79EFBC}") = "TopEdgeDemoProject", "TopEdgeDemoProject.csproj", "{1D0E504B-C479-4067-AA71-CD231D2FCEB8}"
EndProject
Global
	GlobalSection(SolutionConfigurationPlatforms) = preSolution
		Debug|Any CPU = Debug|Any CPU
		Release|Any CPU = Release|Any CPU
	EndGlobalSection
	GlobalSection(ProjectConfigurationPlatforms) = postSolution
		{1D0E504B-C479-4067-AA71-CD231D2FCEB8}.Debug|Any CPU.ActiveCfg = Debug|Any CPU
		{1D0E504B-C479-4067-AA71-CD231D2FCEB8}.Debug|Any CPU.Build.0 = Debug|Any CPU
		{1D0E504B-C479-4067-AA71-CD231D2FCEB8}.Release|Any CPU.ActiveCfg = Release|Any CPU
		{1D0E504B-C479-4067-AA71-CD231D2FCEB8}.Release|Any CPU.Build.0 = Release|Any CPU
	EndGlobalSection
	GlobalSection(SolutionProperties) = preSolution
		HideSolutionNode = FALSE
	EndGlobalSection
	GlobalSection(ExtensibilityGlobals) = postSolution
		SolutionGuid = {CE66E5A5-7815-4DE4-A946-3C5A032CF101}
	EndGlobalSection
EndGlobal
